
Microsoft Visual Studio Solution File, Format Version 12.00
# Visual Studio 2012
Project("{FAE04EC0-301F-11D3-BF4B-00C04F79EFBC}") = "Fosol.Diagnostics", "Fosol.Diagnostics\Fosol.Diagnostics.csproj", "{385CA0BC-40EF-414E-921C-774B47874950}"
EndProject
Project("{FAE04EC0-301F-11D3-BF4B-00C04F79EFBC}") = "Fosol.Diagnostics.TestConsole", "Fosol.Diagnostics.TestConsole\Fosol.Diagnostics.TestConsole.csproj", "{CAFFAFA6-FE77-42CB-9AFC-12C99AB77C80}"
EndProject
Global
	GlobalSection(SolutionConfigurationPlatforms) = preSolution
		Debug|Any CPU = Debug|Any CPU
		Release|Any CPU = Release|Any CPU
	EndGlobalSection
	GlobalSection(ProjectConfigurationPlatforms) = postSolution
		{385CA0BC-40EF-414E-921C-774B47874950}.Debug|Any CPU.ActiveCfg = Debug|Any CPU
		{385CA0BC-40EF-414E-921C-774B47874950}.Debug|Any CPU.Build.0 = Debug|Any CPU
		{385CA0BC-40EF-414E-921C-774B47874950}.Release|Any CPU.ActiveCfg = Release|Any CPU
		{385CA0BC-40EF-414E-921C-774B47874950}.Release|Any CPU.Build.0 = Release|Any CPU
		{CAFFAFA6-FE77-42CB-9AFC-12C99AB77C80}.Debug|Any CPU.ActiveCfg = Debug|Any CPU
		{CAFFAFA6-FE77-42CB-9AFC-12C99AB77C80}.Debug|Any CPU.Build.0 = Debug|Any CPU
		{CAFFAFA6-FE77-42CB-9AFC-12C99AB77C80}.Release|Any CPU.ActiveCfg = Release|Any CPU
		{CAFFAFA6-FE77-42CB-9AFC-12C99AB77C80}.Release|Any CPU.Build.0 = Release|Any CPU
	EndGlobalSection
	GlobalSection(SolutionProperties) = preSolution
		HideSolutionNode = FALSE
	EndGlobalSection
EndGlobal
